
Microsoft Visual Studio Solution File, Format Version 12.00
# Visual Studio 15
VisualStudioVersion = 15.0.27130.2036
MinimumVisualStudioVersion = 10.0.40219.1
Project("{FAE04EC0-301F-11D3-BF4B-00C04F79EFBC}") = "LatteShop", "LatteShop\LatteShop.csproj", "{362E28DF-8452-498C-8C2E-FAE61F14F81A}"
EndProject
Project("{FAE04EC0-301F-11D3-BF4B-00C04F79EFBC}") = "LatteShop.Tests", "LatteShop.Tests\LatteShop.Tests.csproj", "{C7734E4B-C105-4750-B1F3-5128131BF7E2}"
EndProject
Global
	GlobalSection(SolutionConfigurationPlatforms) = preSolution
		Debug|Any CPU = Debug|Any CPU
		Release|Any CPU = Release|Any CPU
	EndGlobalSection
	GlobalSection(ProjectConfigurationPlatforms) = postSolution
		{362E28DF-8452-498C-8C2E-FAE61F14F81A}.Debug|Any CPU.ActiveCfg = Debug|Any CPU
		{362E28DF-8452-498C-8C2E-FAE61F14F81A}.Debug|Any CPU.Build.0 = Debug|Any CPU
		{362E28DF-8452-498C-8C2E-FAE61F14F81A}.Release|Any CPU.ActiveCfg = Release|Any CPU
		{362E28DF-8452-498C-8C2E-FAE61F14F81A}.Release|Any CPU.Build.0 = Release|Any CPU
		{C7734E4B-C105-4750-B1F3-5128131BF7E2}.Debug|Any CPU.ActiveCfg = Debug|Any CPU
		{C7734E4B-C105-4750-B1F3-5128131BF7E2}.Debug|Any CPU.Build.0 = Debug|Any CPU
		{C7734E4B-C105-4750-B1F3-5128131BF7E2}.Release|Any CPU.ActiveCfg = Release|Any CPU
		{C7734E4B-C105-4750-B1F3-5128131BF7E2}.Release|Any CPU.Build.0 = Release|Any CPU
	EndGlobalSection
	GlobalSection(SolutionProperties) = preSolution
		HideSolutionNode = FALSE
	EndGlobalSection
	GlobalSection(ExtensibilityGlobals) = postSolution
		SolutionGuid = {BB2A427A-EC64-4A78-8B10-3E7CAFD8BDC7}
	EndGlobalSection
EndGlobal
